
Microsoft Visual Studio Solution File, Format Version 12.00
# Visual Studio Version 16
VisualStudioVersion = 16.0.30804.86
MinimumVisualStudioVersion = 10.0.40219.1
Project("{9A19103F-16F7-4668-BE54-9A1E7A4F7556}") = "Task1_Unique_email", "Task1_Unique_email\Task1_Unique_email.csproj", "{69835A76-C825-4251-AC6A-160101CBF785}"
EndProject
Project("{9A19103F-16F7-4668-BE54-9A1E7A4F7556}") = "Task2_TicTacToe", "Task2_TicTacToe\Task2_TicTacToe.csproj", "{314EA8E0-1ACD-49D5-9B6C-D55BFFEB38A6}"
EndProject
Project("{9A19103F-16F7-4668-BE54-9A1E7A4F7556}") = "Task1_Unique_emailTests", "Task1_Unique_emailTests\Task1_Unique_emailTests.csproj", "{3179DF99-7704-4EB8-80F9-20DAF3527A54}"
EndProject
Project("{FAE04EC0-301F-11D3-BF4B-00C04F79EFBC}") = "Task2_TicTacToeTests", "Task2_TicTacToeTests1\Task2_TicTacToeTests.csproj", "{F7324184-1177-4AAA-BE85-F2ED3AADFA64}"
EndProject
Global
	GlobalSection(SolutionConfigurationPlatforms) = preSolution
		Debug|Any CPU = Debug|Any CPU
		Release|Any CPU = Release|Any CPU
	EndGlobalSection
	GlobalSection(ProjectConfigurationPlatforms) = postSolution
		{69835A76-C825-4251-AC6A-160101CBF785}.Debug|Any CPU.ActiveCfg = Debug|Any CPU
		{69835A76-C825-4251-AC6A-160101CBF785}.Debug|Any CPU.Build.0 = Debug|Any CPU
		{69835A76-C825-4251-AC6A-160101CBF785}.Release|Any CPU.ActiveCfg = Release|Any CPU
		{69835A76-C825-4251-AC6A-160101CBF785}.Release|Any CPU.Build.0 = Release|Any CPU
		{314EA8E0-1ACD-49D5-9B6C-D55BFFEB38A6}.Debug|Any CPU.ActiveCfg = Debug|Any CPU
		{314EA8E0-1ACD-49D5-9B6C-D55BFFEB38A6}.Debug|Any CPU.Build.0 = Debug|Any CPU
		{314EA8E0-1ACD-49D5-9B6C-D55BFFEB38A6}.Release|Any CPU.ActiveCfg = Release|Any CPU
		{314EA8E0-1ACD-49D5-9B6C-D55BFFEB38A6}.Release|Any CPU.Build.0 = Release|Any CPU
		{3179DF99-7704-4EB8-80F9-20DAF3527A54}.Debug|Any CPU.ActiveCfg = Debug|Any CPU
		{3179DF99-7704-4EB8-80F9-20DAF3527A54}.Debug|Any CPU.Build.0 = Debug|Any CPU
		{3179DF99-7704-4EB8-80F9-20DAF3527A54}.Release|Any CPU.ActiveCfg = Release|Any CPU
		{3179DF99-7704-4EB8-80F9-20DAF3527A54}.Release|Any CPU.Build.0 = Release|Any CPU
		{F7324184-1177-4AAA-BE85-F2ED3AADFA64}.Debug|Any CPU.ActiveCfg = Debug|Any CPU
		{F7324184-1177-4AAA-BE85-F2ED3AADFA64}.Debug|Any CPU.Build.0 = Debug|Any CPU
		{F7324184-1177-4AAA-BE85-F2ED3AADFA64}.Release|Any CPU.ActiveCfg = Release|Any CPU
		{F7324184-1177-4AAA-BE85-F2ED3AADFA64}.Release|Any CPU.Build.0 = Release|Any CPU
	EndGlobalSection
	GlobalSection(SolutionProperties) = preSolution
		HideSolutionNode = FALSE
	EndGlobalSection
	GlobalSection(ExtensibilityGlobals) = postSolution
		SolutionGuid = {FABDA9BC-5F85-46AF-A313-64C661B58659}
	EndGlobalSection
EndGlobal
